
Microsoft Visual Studio Solution File, Format Version 12.00
# Visual Studio Version 17
VisualStudioVersion = 17.4.33213.308
MinimumVisualStudioVersion = 10.0.40219.1
Project("{FAE04EC0-301F-11D3-BF4B-00C04F79EFBC}") = "mg1-calvinkuo", "mg1-calvinkuo\mg1-calvinkuo.csproj", "{D82239A2-36C1-4FD5-8501-5D46850B7A62}"
EndProject
Global
	GlobalSection(SolutionConfigurationPlatforms) = preSolution
		Debug|Any CPU = Debug|Any CPU
		Release|Any CPU = Release|Any CPU
	EndGlobalSection
	GlobalSection(ProjectConfigurationPlatforms) = postSolution
		{D82239A2-36C1-4FD5-8501-5D46850B7A62}.Debug|Any CPU.ActiveCfg = Debug|Any CPU
		{D82239A2-36C1-4FD5-8501-5D46850B7A62}.Debug|Any CPU.Build.0 = Debug|Any CPU
		{D82239A2-36C1-4FD5-8501-5D46850B7A62}.Release|Any CPU.ActiveCfg = Release|Any CPU
		{D82239A2-36C1-4FD5-8501-5D46850B7A62}.Release|Any CPU.Build.0 = Release|Any CPU
	EndGlobalSection
	GlobalSection(SolutionProperties) = preSolution
		HideSolutionNode = FALSE
	EndGlobalSection
	GlobalSection(ExtensibilityGlobals) = postSolution
		SolutionGuid = {98BBD5C5-8CB2-4DB8-A329-0FA7C7503B6F}
	EndGlobalSection
EndGlobal
